
Microsoft Visual Studio Solution File, Format Version 12.00
# Visual Studio Version 17
VisualStudioVersion = 17.5.33414.496
MinimumVisualStudioVersion = 10.0.40219.1
Project("{9A19103F-16F7-4668-BE54-9A1E7A4F7556}") = "TatBlog.Core", "TatBlog.Core\TatBlog.Core.csproj", "{2B71EA62-61D3-4AEE-9EE1-47EC66F4FD10}"
EndProject
Project("{9A19103F-16F7-4668-BE54-9A1E7A4F7556}") = "TatBlog.Data", "TatBlog.Data\TatBlog.Data.csproj", "{CA93E6EA-A041-42F6-89BD-DCAA5781E3F7}"
EndProject
Project("{9A19103F-16F7-4668-BE54-9A1E7A4F7556}") = "TatBlog.Services", "TatBlog.Services\TatBlog.Services.csproj", "{0F7EBF5B-0378-4AE3-9040-1770C3B247F2}"
EndProject
Project("{9A19103F-16F7-4668-BE54-9A1E7A4F7556}") = "TatBlog.WinApp", "TatBlog.WinApp\TatBlog.WinApp.csproj", "{4F5537C6-A261-4C5E-B280-7DCC87362555}"
EndProject
Project("{FAE04EC0-301F-11D3-BF4B-00C04F79EFBC}") = "TatBlog.WebApp", "TatBlog.WebApp\TatBlog.WebApp.csproj", "{14E44BB8-243C-47EF-9A4C-5B3F3186A976}"
EndProject
Global
	GlobalSection(SolutionConfigurationPlatforms) = preSolution
		Debug|Any CPU = Debug|Any CPU
		Release|Any CPU = Release|Any CPU
	EndGlobalSection
	GlobalSection(ProjectConfigurationPlatforms) = postSolution
		{2B71EA62-61D3-4AEE-9EE1-47EC66F4FD10}.Debug|Any CPU.ActiveCfg = Debug|Any CPU
		{2B71EA62-61D3-4AEE-9EE1-47EC66F4FD10}.Debug|Any CPU.Build.0 = Debug|Any CPU
		{2B71EA62-61D3-4AEE-9EE1-47EC66F4FD10}.Release|Any CPU.ActiveCfg = Release|Any CPU
		{2B71EA62-61D3-4AEE-9EE1-47EC66F4FD10}.Release|Any CPU.Build.0 = Release|Any CPU
		{CA93E6EA-A041-42F6-89BD-DCAA5781E3F7}.Debug|Any CPU.ActiveCfg = Debug|Any CPU
		{CA93E6EA-A041-42F6-89BD-DCAA5781E3F7}.Debug|Any CPU.Build.0 = Debug|Any CPU
		{CA93E6EA-A041-42F6-89BD-DCAA5781E3F7}.Release|Any CPU.ActiveCfg = Release|Any CPU
		{CA93E6EA-A041-42F6-89BD-DCAA5781E3F7}.Release|Any CPU.Build.0 = Release|Any CPU
		{0F7EBF5B-0378-4AE3-9040-1770C3B247F2}.Debug|Any CPU.ActiveCfg = Debug|Any CPU
		{0F7EBF5B-0378-4AE3-9040-1770C3B247F2}.Debug|Any CPU.Build.0 = Debug|Any CPU
		{0F7EBF5B-0378-4AE3-9040-1770C3B247F2}.Release|Any CPU.ActiveCfg = Release|Any CPU
		{0F7EBF5B-0378-4AE3-9040-1770C3B247F2}.Release|Any CPU.Build.0 = Release|Any CPU
		{4F5537C6-A261-4C5E-B280-7DCC87362555}.Debug|Any CPU.ActiveCfg = Debug|Any CPU
		{4F5537C6-A261-4C5E-B280-7DCC87362555}.Debug|Any CPU.Build.0 = Debug|Any CPU
		{4F5537C6-A261-4C5E-B280-7DCC87362555}.Release|Any CPU.ActiveCfg = Release|Any CPU
		{4F5537C6-A261-4C5E-B280-7DCC87362555}.Release|Any CPU.Build.0 = Release|Any CPU
		{14E44BB8-243C-47EF-9A4C-5B3F3186A976}.Debug|Any CPU.ActiveCfg = Debug|Any CPU
		{14E44BB8-243C-47EF-9A4C-5B3F3186A976}.Debug|Any CPU.Build.0 = Debug|Any CPU
		{14E44BB8-243C-47EF-9A4C-5B3F3186A976}.Release|Any CPU.ActiveCfg = Release|Any CPU
		{14E44BB8-243C-47EF-9A4C-5B3F3186A976}.Release|Any CPU.Build.0 = Release|Any CPU
	EndGlobalSection
	GlobalSection(SolutionProperties) = preSolution
		HideSolutionNode = FALSE
	EndGlobalSection
	GlobalSection(ExtensibilityGlobals) = postSolution
		SolutionGuid = {8B3DBC56-4914-4A87-9027-C057440545D9}
	EndGlobalSection
EndGlobal
