
Microsoft Visual Studio Solution File, Format Version 12.00
# Visual Studio Version 17
VisualStudioVersion = 17.5.33414.496
MinimumVisualStudioVersion = 10.0.40219.1
Project("{FAE04EC0-301F-11D3-BF4B-00C04F79EFBC}") = "TatBlog.WebApp", "TatBlog.WebApp.csproj", "{88B6A4C7-C109-4C50-82E6-D68FCCE32676}"
EndProject
Global
	GlobalSection(SolutionConfigurationPlatforms) = preSolution
		Debug|Any CPU = Debug|Any CPU
		Release|Any CPU = Release|Any CPU
	EndGlobalSection
	GlobalSection(ProjectConfigurationPlatforms) = postSolution
		{88B6A4C7-C109-4C50-82E6-D68FCCE32676}.Debug|Any CPU.ActiveCfg = Debug|Any CPU
		{88B6A4C7-C109-4C50-82E6-D68FCCE32676}.Debug|Any CPU.Build.0 = Debug|Any CPU
		{88B6A4C7-C109-4C50-82E6-D68FCCE32676}.Release|Any CPU.ActiveCfg = Release|Any CPU
		{88B6A4C7-C109-4C50-82E6-D68FCCE32676}.Release|Any CPU.Build.0 = Release|Any CPU
	EndGlobalSection
	GlobalSection(SolutionProperties) = preSolution
		HideSolutionNode = FALSE
	EndGlobalSection
	GlobalSection(ExtensibilityGlobals) = postSolution
		SolutionGuid = {A0148E79-AFF1-4EC5-ABB6-9286DB309C9F}
	EndGlobalSection
EndGlobal
